
Microsoft Visual Studio Solution File, Format Version 12.00
# Visual Studio Version 17
VisualStudioVersion = 17.0.31903.59
MinimumVisualStudioVersion = 10.0.40219.1
Project("{2150E333-8FDC-42A3-9474-1A3956D46DE8}") = "src", "src", "{827E0CD3-B72D-47B6-A68D-7590B98EB39B}"
EndProject
Project("{2150E333-8FDC-42A3-9474-1A3956D46DE8}") = "Core", "Core", "{A1B2C3D4-E5F6-7890-ABCD-EF1234567890}"
EndProject
Project("{2150E333-8FDC-42A3-9474-1A3956D46DE8}") = "Modules", "Modules", "{B2C3D4E5-F6A7-8901-BCDE-F23456789012}"
EndProject
Project("{2150E333-8FDC-42A3-9474-1A3956D46DE8}") = "StockManagement", "StockManagement", "{C3D4E5F6-A7B8-9012-CDEF-345678901234}"
EndProject
Project("{FAE04EC0-301F-11D3-BF4B-00C04F79EFBC}") = "Rascor.Core.Domain", "src\Core\Rascor.Core.Domain\Rascor.Core.Domain.csproj", "{D4E5F6A7-B8C9-0123-DEF0-456789012345}"
EndProject
Project("{FAE04EC0-301F-11D3-BF4B-00C04F79EFBC}") = "Rascor.Core.Application", "src\Core\Rascor.Core.Application\Rascor.Core.Application.csproj", "{E5F6A7B8-C9D0-1234-EF01-567890123456}"
EndProject
Project("{FAE04EC0-301F-11D3-BF4B-00C04F79EFBC}") = "Rascor.Core.Infrastructure", "src\Core\Rascor.Core.Infrastructure\Rascor.Core.Infrastructure.csproj", "{F6A7B8C9-D0E1-2345-F012-678901234567}"
EndProject
Project("{FAE04EC0-301F-11D3-BF4B-00C04F79EFBC}") = "Rascor.Modules.StockManagement.Domain", "src\Modules\StockManagement\Rascor.Modules.StockManagement.Domain\Rascor.Modules.StockManagement.Domain.csproj", "{A7B8C9D0-E1F2-3456-0123-789012345678}"
EndProject
Project("{FAE04EC0-301F-11D3-BF4B-00C04F79EFBC}") = "Rascor.Modules.StockManagement.Application", "src\Modules\StockManagement\Rascor.Modules.StockManagement.Application\Rascor.Modules.StockManagement.Application.csproj", "{B8C9D0E1-F2A3-4567-1234-890123456789}"
EndProject
Project("{FAE04EC0-301F-11D3-BF4B-00C04F79EFBC}") = "Rascor.Modules.StockManagement.Infrastructure", "src\Modules\StockManagement\Rascor.Modules.StockManagement.Infrastructure\Rascor.Modules.StockManagement.Infrastructure.csproj", "{C9D0E1F2-A3B4-5678-2345-901234567890}"
EndProject
Project("{FAE04EC0-301F-11D3-BF4B-00C04F79EFBC}") = "Rascor.API", "src\Rascor.API\Rascor.API.csproj", "{D0E1F2A3-B4C5-6789-3456-012345678901}"
EndProject
Project("{2150E333-8FDC-42A3-9474-1A3956D46DE8}") = "Proposals", "Proposals", "{53FC389B-5E5F-3F76-4C6F-BA81330BB56B}"
EndProject
Project("{FAE04EC0-301F-11D3-BF4B-00C04F79EFBC}") = "Rascor.Modules.Proposals.Domain", "src\Modules\Proposals\Rascor.Modules.Proposals.Domain\Rascor.Modules.Proposals.Domain.csproj", "{68309FD3-2463-4D7B-BC1D-2D59F549F461}"
EndProject
Project("{FAE04EC0-301F-11D3-BF4B-00C04F79EFBC}") = "Rascor.Modules.Proposals.Application", "src\Modules\Proposals\Rascor.Modules.Proposals.Application\Rascor.Modules.Proposals.Application.csproj", "{12906061-81C4-46B6-81DF-C507BAC94AC4}"
EndProject
Project("{FAE04EC0-301F-11D3-BF4B-00C04F79EFBC}") = "Rascor.Modules.Proposals.Infrastructure", "src\Modules\Proposals\Rascor.Modules.Proposals.Infrastructure\Rascor.Modules.Proposals.Infrastructure.csproj", "{43F43FB3-07DA-4C89-9789-AC71708161A1}"
EndProject
Project("{2150E333-8FDC-42A3-9474-1A3956D46DE8}") = "SiteAttendance", "SiteAttendance", "{F3ED4598-520A-BF9F-B82E-5C1369283033}"
EndProject
Project("{FAE04EC0-301F-11D3-BF4B-00C04F79EFBC}") = "Rascor.Modules.SiteAttendance.Domain", "src\Modules\SiteAttendance\Rascor.Modules.SiteAttendance.Domain\Rascor.Modules.SiteAttendance.Domain.csproj", "{7FD3C299-482E-472B-B595-4806CF65DBB9}"
EndProject
Project("{FAE04EC0-301F-11D3-BF4B-00C04F79EFBC}") = "Rascor.Modules.SiteAttendance.Application", "src\Modules\SiteAttendance\Rascor.Modules.SiteAttendance.Application\Rascor.Modules.SiteAttendance.Application.csproj", "{AF68249C-F0CA-4ED4-93CB-F4B93FDA33EE}"
EndProject
Project("{FAE04EC0-301F-11D3-BF4B-00C04F79EFBC}") = "Rascor.Modules.SiteAttendance.Infrastructure", "src\Modules\SiteAttendance\Rascor.Modules.SiteAttendance.Infrastructure\Rascor.Modules.SiteAttendance.Infrastructure.csproj", "{9FF6078B-92D5-41FD-8E20-A17E49C6BA6A}"
EndProject
Project("{2150E333-8FDC-42A3-9474-1A3956D46DE8}") = "tests", "tests", "{0AB3BF05-4346-4AA6-1389-037BE0695223}"
EndProject
Project("{FAE04EC0-301F-11D3-BF4B-00C04F79EFBC}") = "Rascor.Tests.Common", "tests\Rascor.Tests.Common\Rascor.Tests.Common.csproj", "{F0B24F66-A46B-44A5-85A8-1B21359A3457}"
EndProject
Project("{FAE04EC0-301F-11D3-BF4B-00C04F79EFBC}") = "Rascor.Tests.Unit", "tests\Rascor.Tests.Unit\Rascor.Tests.Unit.csproj", "{FA08D025-7DFA-4DDB-BECD-A41188CDBDB4}"
EndProject
Project("{FAE04EC0-301F-11D3-BF4B-00C04F79EFBC}") = "Rascor.Tests.Integration", "tests\Rascor.Tests.Integration\Rascor.Tests.Integration.csproj", "{571CA7B2-6252-462F-B8D2-438C516233A1}"
EndProject
Project("{2150E333-8FDC-42A3-9474-1A3956D46DE8}") = "Rams", "Rams", "{C5056EA4-3095-7954-AC9F-6C51F0D54EE3}"
EndProject
Project("{FAE04EC0-301F-11D3-BF4B-00C04F79EFBC}") = "Rascor.Modules.Rams.Domain", "src\Modules\Rams\Rascor.Modules.Rams.Domain\Rascor.Modules.Rams.Domain.csproj", "{D1551DC0-B1D6-4EF5-8F0E-C0678E8E908D}"
EndProject
Project("{FAE04EC0-301F-11D3-BF4B-00C04F79EFBC}") = "Rascor.Modules.Rams.Application", "src\Modules\Rams\Rascor.Modules.Rams.Application\Rascor.Modules.Rams.Application.csproj", "{E0C4D592-2B1A-4503-8616-0E39CD8F88EE}"
EndProject
Project("{FAE04EC0-301F-11D3-BF4B-00C04F79EFBC}") = "Rascor.Modules.Rams.Infrastructure", "src\Modules\Rams\Rascor.Modules.Rams.Infrastructure\Rascor.Modules.Rams.Infrastructure.csproj", "{58348038-F99D-4754-8E3D-B9BEDBB56084}"
EndProject
Global
	GlobalSection(SolutionConfigurationPlatforms) = preSolution
		Debug|Any CPU = Debug|Any CPU
		Debug|x64 = Debug|x64
		Debug|x86 = Debug|x86
		Release|Any CPU = Release|Any CPU
		Release|x64 = Release|x64
		Release|x86 = Release|x86
	EndGlobalSection
	GlobalSection(ProjectConfigurationPlatforms) = postSolution
		{D4E5F6A7-B8C9-0123-DEF0-456789012345}.Debug|Any CPU.ActiveCfg = Debug|Any CPU
		{D4E5F6A7-B8C9-0123-DEF0-456789012345}.Debug|Any CPU.Build.0 = Debug|Any CPU
		{D4E5F6A7-B8C9-0123-DEF0-456789012345}.Debug|x64.ActiveCfg = Debug|Any CPU
		{D4E5F6A7-B8C9-0123-DEF0-456789012345}.Debug|x64.Build.0 = Debug|Any CPU
		{D4E5F6A7-B8C9-0123-DEF0-456789012345}.Debug|x86.ActiveCfg = Debug|Any CPU
		{D4E5F6A7-B8C9-0123-DEF0-456789012345}.Debug|x86.Build.0 = Debug|Any CPU
		{D4E5F6A7-B8C9-0123-DEF0-456789012345}.Release|Any CPU.ActiveCfg = Release|Any CPU
		{D4E5F6A7-B8C9-0123-DEF0-456789012345}.Release|Any CPU.Build.0 = Release|Any CPU
		{D4E5F6A7-B8C9-0123-DEF0-456789012345}.Release|x64.ActiveCfg = Release|Any CPU
		{D4E5F6A7-B8C9-0123-DEF0-456789012345}.Release|x64.Build.0 = Release|Any CPU
		{D4E5F6A7-B8C9-0123-DEF0-456789012345}.Release|x86.ActiveCfg = Release|Any CPU
		{D4E5F6A7-B8C9-0123-DEF0-456789012345}.Release|x86.Build.0 = Release|Any CPU
		{E5F6A7B8-C9D0-1234-EF01-567890123456}.Debug|Any CPU.ActiveCfg = Debug|Any CPU
		{E5F6A7B8-C9D0-1234-EF01-567890123456}.Debug|Any CPU.Build.0 = Debug|Any CPU
		{E5F6A7B8-C9D0-1234-EF01-567890123456}.Debug|x64.ActiveCfg = Debug|Any CPU
		{E5F6A7B8-C9D0-1234-EF01-567890123456}.Debug|x64.Build.0 = Debug|Any CPU
		{E5F6A7B8-C9D0-1234-EF01-567890123456}.Debug|x86.ActiveCfg = Debug|Any CPU
		{E5F6A7B8-C9D0-1234-EF01-567890123456}.Debug|x86.Build.0 = Debug|Any CPU
		{E5F6A7B8-C9D0-1234-EF01-567890123456}.Release|Any CPU.ActiveCfg = Release|Any CPU
		{E5F6A7B8-C9D0-1234-EF01-567890123456}.Release|Any CPU.Build.0 = Release|Any CPU
		{E5F6A7B8-C9D0-1234-EF01-567890123456}.Release|x64.ActiveCfg = Release|Any CPU
		{E5F6A7B8-C9D0-1234-EF01-567890123456}.Release|x64.Build.0 = Release|Any CPU
		{E5F6A7B8-C9D0-1234-EF01-567890123456}.Release|x86.ActiveCfg = Release|Any CPU
		{E5F6A7B8-C9D0-1234-EF01-567890123456}.Release|x86.Build.0 = Release|Any CPU
		{F6A7B8C9-D0E1-2345-F012-678901234567}.Debug|Any CPU.ActiveCfg = Debug|Any CPU
		{F6A7B8C9-D0E1-2345-F012-678901234567}.Debug|Any CPU.Build.0 = Debug|Any CPU
		{F6A7B8C9-D0E1-2345-F012-678901234567}.Debug|x64.ActiveCfg = Debug|Any CPU
		{F6A7B8C9-D0E1-2345-F012-678901234567}.Debug|x64.Build.0 = Debug|Any CPU
		{F6A7B8C9-D0E1-2345-F012-678901234567}.Debug|x86.ActiveCfg = Debug|Any CPU
		{F6A7B8C9-D0E1-2345-F012-678901234567}.Debug|x86.Build.0 = Debug|Any CPU
		{F6A7B8C9-D0E1-2345-F012-678901234567}.Release|Any CPU.ActiveCfg = Release|Any CPU
		{F6A7B8C9-D0E1-2345-F012-678901234567}.Release|Any CPU.Build.0 = Release|Any CPU
		{F6A7B8C9-D0E1-2345-F012-678901234567}.Release|x64.ActiveCfg = Release|Any CPU
		{F6A7B8C9-D0E1-2345-F012-678901234567}.Release|x64.Build.0 = Release|Any CPU
		{F6A7B8C9-D0E1-2345-F012-678901234567}.Release|x86.ActiveCfg = Release|Any CPU
		{F6A7B8C9-D0E1-2345-F012-678901234567}.Release|x86.Build.0 = Release|Any CPU
		{A7B8C9D0-E1F2-3456-0123-789012345678}.Debug|Any CPU.ActiveCfg = Debug|Any CPU
		{A7B8C9D0-E1F2-3456-0123-789012345678}.Debug|Any CPU.Build.0 = Debug|Any CPU
		{A7B8C9D0-E1F2-3456-0123-789012345678}.Debug|x64.ActiveCfg = Debug|Any CPU
		{A7B8C9D0-E1F2-3456-0123-789012345678}.Debug|x64.Build.0 = Debug|Any CPU
		{A7B8C9D0-E1F2-3456-0123-789012345678}.Debug|x86.ActiveCfg = Debug|Any CPU
		{A7B8C9D0-E1F2-3456-0123-789012345678}.Debug|x86.Build.0 = Debug|Any CPU
		{A7B8C9D0-E1F2-3456-0123-789012345678}.Release|Any CPU.ActiveCfg = Release|Any CPU
		{A7B8C9D0-E1F2-3456-0123-789012345678}.Release|Any CPU.Build.0 = Release|Any CPU
		{A7B8C9D0-E1F2-3456-0123-789012345678}.Release|x64.ActiveCfg = Release|Any CPU
		{A7B8C9D0-E1F2-3456-0123-789012345678}.Release|x64.Build.0 = Release|Any CPU
		{A7B8C9D0-E1F2-3456-0123-789012345678}.Release|x86.ActiveCfg = Release|Any CPU
		{A7B8C9D0-E1F2-3456-0123-789012345678}.Release|x86.Build.0 = Release|Any CPU
		{B8C9D0E1-F2A3-4567-1234-890123456789}.Debug|Any CPU.ActiveCfg = Debug|Any CPU
		{B8C9D0E1-F2A3-4567-1234-890123456789}.Debug|Any CPU.Build.0 = Debug|Any CPU
		{B8C9D0E1-F2A3-4567-1234-890123456789}.Debug|x64.ActiveCfg = Debug|Any CPU
		{B8C9D0E1-F2A3-4567-1234-890123456789}.Debug|x64.Build.0 = Debug|Any CPU
		{B8C9D0E1-F2A3-4567-1234-890123456789}.Debug|x86.ActiveCfg = Debug|Any CPU
		{B8C9D0E1-F2A3-4567-1234-890123456789}.Debug|x86.Build.0 = Debug|Any CPU
		{B8C9D0E1-F2A3-4567-1234-890123456789}.Release|Any CPU.ActiveCfg = Release|Any CPU
		{B8C9D0E1-F2A3-4567-1234-890123456789}.Release|Any CPU.Build.0 = Release|Any CPU
		{B8C9D0E1-F2A3-4567-1234-890123456789}.Release|x64.ActiveCfg = Release|Any CPU
		{B8C9D0E1-F2A3-4567-1234-890123456789}.Release|x64.Build.0 = Release|Any CPU
		{B8C9D0E1-F2A3-4567-1234-890123456789}.Release|x86.ActiveCfg = Release|Any CPU
		{B8C9D0E1-F2A3-4567-1234-890123456789}.Release|x86.Build.0 = Release|Any CPU
		{C9D0E1F2-A3B4-5678-2345-901234567890}.Debug|Any CPU.ActiveCfg = Debug|Any CPU
		{C9D0E1F2-A3B4-5678-2345-901234567890}.Debug|Any CPU.Build.0 = Debug|Any CPU
		{C9D0E1F2-A3B4-5678-2345-901234567890}.Debug|x64.ActiveCfg = Debug|Any CPU
		{C9D0E1F2-A3B4-5678-2345-901234567890}.Debug|x64.Build.0 = Debug|Any CPU
		{C9D0E1F2-A3B4-5678-2345-901234567890}.Debug|x86.ActiveCfg = Debug|Any CPU
		{C9D0E1F2-A3B4-5678-2345-901234567890}.Debug|x86.Build.0 = Debug|Any CPU
		{C9D0E1F2-A3B4-5678-2345-901234567890}.Release|Any CPU.ActiveCfg = Release|Any CPU
		{C9D0E1F2-A3B4-5678-2345-901234567890}.Release|Any CPU.Build.0 = Release|Any CPU
		{C9D0E1F2-A3B4-5678-2345-901234567890}.Release|x64.ActiveCfg = Release|Any CPU
		{C9D0E1F2-A3B4-5678-2345-901234567890}.Release|x64.Build.0 = Release|Any CPU
		{C9D0E1F2-A3B4-5678-2345-901234567890}.Release|x86.ActiveCfg = Release|Any CPU
		{C9D0E1F2-A3B4-5678-2345-901234567890}.Release|x86.Build.0 = Release|Any CPU
		{D0E1F2A3-B4C5-6789-3456-012345678901}.Debug|Any CPU.ActiveCfg = Debug|Any CPU
		{D0E1F2A3-B4C5-6789-3456-012345678901}.Debug|Any CPU.Build.0 = Debug|Any CPU
		{D0E1F2A3-B4C5-6789-3456-012345678901}.Debug|x64.ActiveCfg = Debug|Any CPU
		{D0E1F2A3-B4C5-6789-3456-012345678901}.Debug|x64.Build.0 = Debug|Any CPU
		{D0E1F2A3-B4C5-6789-3456-012345678901}.Debug|x86.ActiveCfg = Debug|Any CPU
		{D0E1F2A3-B4C5-6789-3456-012345678901}.Debug|x86.Build.0 = Debug|Any CPU
		{D0E1F2A3-B4C5-6789-3456-012345678901}.Release|Any CPU.ActiveCfg = Release|Any CPU
		{D0E1F2A3-B4C5-6789-3456-012345678901}.Release|Any CPU.Build.0 = Release|Any CPU
		{D0E1F2A3-B4C5-6789-3456-012345678901}.Release|x64.ActiveCfg = Release|Any CPU
		{D0E1F2A3-B4C5-6789-3456-012345678901}.Release|x64.Build.0 = Release|Any CPU
		{D0E1F2A3-B4C5-6789-3456-012345678901}.Release|x86.ActiveCfg = Release|Any CPU
		{D0E1F2A3-B4C5-6789-3456-012345678901}.Release|x86.Build.0 = Release|Any CPU
		{68309FD3-2463-4D7B-BC1D-2D59F549F461}.Debug|Any CPU.ActiveCfg = Debug|Any CPU
		{68309FD3-2463-4D7B-BC1D-2D59F549F461}.Debug|Any CPU.Build.0 = Debug|Any CPU
		{68309FD3-2463-4D7B-BC1D-2D59F549F461}.Debug|x64.ActiveCfg = Debug|Any CPU
		{68309FD3-2463-4D7B-BC1D-2D59F549F461}.Debug|x64.Build.0 = Debug|Any CPU
		{68309FD3-2463-4D7B-BC1D-2D59F549F461}.Debug|x86.ActiveCfg = Debug|Any CPU
		{68309FD3-2463-4D7B-BC1D-2D59F549F461}.Debug|x86.Build.0 = Debug|Any CPU
		{68309FD3-2463-4D7B-BC1D-2D59F549F461}.Release|Any CPU.ActiveCfg = Release|Any CPU
		{68309FD3-2463-4D7B-BC1D-2D59F549F461}.Release|Any CPU.Build.0 = Release|Any CPU
		{68309FD3-2463-4D7B-BC1D-2D59F549F461}.Release|x64.ActiveCfg = Release|Any CPU
		{68309FD3-2463-4D7B-BC1D-2D59F549F461}.Release|x64.Build.0 = Release|Any CPU
		{68309FD3-2463-4D7B-BC1D-2D59F549F461}.Release|x86.ActiveCfg = Release|Any CPU
		{68309FD3-2463-4D7B-BC1D-2D59F549F461}.Release|x86.Build.0 = Release|Any CPU
		{12906061-81C4-46B6-81DF-C507BAC94AC4}.Debug|Any CPU.ActiveCfg = Debug|Any CPU
		{12906061-81C4-46B6-81DF-C507BAC94AC4}.Debug|Any CPU.Build.0 = Debug|Any CPU
		{12906061-81C4-46B6-81DF-C507BAC94AC4}.Debug|x64.ActiveCfg = Debug|Any CPU
		{12906061-81C4-46B6-81DF-C507BAC94AC4}.Debug|x64.Build.0 = Debug|Any CPU
		{12906061-81C4-46B6-81DF-C507BAC94AC4}.Debug|x86.ActiveCfg = Debug|Any CPU
		{12906061-81C4-46B6-81DF-C507BAC94AC4}.Debug|x86.Build.0 = Debug|Any CPU
		{12906061-81C4-46B6-81DF-C507BAC94AC4}.Release|Any CPU.ActiveCfg = Release|Any CPU
		{12906061-81C4-46B6-81DF-C507BAC94AC4}.Release|Any CPU.Build.0 = Release|Any CPU
		{12906061-81C4-46B6-81DF-C507BAC94AC4}.Release|x64.ActiveCfg = Release|Any CPU
		{12906061-81C4-46B6-81DF-C507BAC94AC4}.Release|x64.Build.0 = Release|Any CPU
		{12906061-81C4-46B6-81DF-C507BAC94AC4}.Release|x86.ActiveCfg = Release|Any CPU
		{12906061-81C4-46B6-81DF-C507BAC94AC4}.Release|x86.Build.0 = Release|Any CPU
		{43F43FB3-07DA-4C89-9789-AC71708161A1}.Debug|Any CPU.ActiveCfg = Debug|Any CPU
		{43F43FB3-07DA-4C89-9789-AC71708161A1}.Debug|Any CPU.Build.0 = Debug|Any CPU
		{43F43FB3-07DA-4C89-9789-AC71708161A1}.Debug|x64.ActiveCfg = Debug|Any CPU
		{43F43FB3-07DA-4C89-9789-AC71708161A1}.Debug|x64.Build.0 = Debug|Any CPU
		{43F43FB3-07DA-4C89-9789-AC71708161A1}.Debug|x86.ActiveCfg = Debug|Any CPU
		{43F43FB3-07DA-4C89-9789-AC71708161A1}.Debug|x86.Build.0 = Debug|Any CPU
		{43F43FB3-07DA-4C89-9789-AC71708161A1}.Release|Any CPU.ActiveCfg = Release|Any CPU
		{43F43FB3-07DA-4C89-9789-AC71708161A1}.Release|Any CPU.Build.0 = Release|Any CPU
		{43F43FB3-07DA-4C89-9789-AC71708161A1}.Release|x64.ActiveCfg = Release|Any CPU
		{43F43FB3-07DA-4C89-9789-AC71708161A1}.Release|x64.Build.0 = Release|Any CPU
		{43F43FB3-07DA-4C89-9789-AC71708161A1}.Release|x86.ActiveCfg = Release|Any CPU
		{43F43FB3-07DA-4C89-9789-AC71708161A1}.Release|x86.Build.0 = Release|Any CPU
		{7FD3C299-482E-472B-B595-4806CF65DBB9}.Debug|Any CPU.ActiveCfg = Debug|Any CPU
		{7FD3C299-482E-472B-B595-4806CF65DBB9}.Debug|Any CPU.Build.0 = Debug|Any CPU
		{7FD3C299-482E-472B-B595-4806CF65DBB9}.Debug|x64.ActiveCfg = Debug|Any CPU
		{7FD3C299-482E-472B-B595-4806CF65DBB9}.Debug|x64.Build.0 = Debug|Any CPU
		{7FD3C299-482E-472B-B595-4806CF65DBB9}.Debug|x86.ActiveCfg = Debug|Any CPU
		{7FD3C299-482E-472B-B595-4806CF65DBB9}.Debug|x86.Build.0 = Debug|Any CPU
		{7FD3C299-482E-472B-B595-4806CF65DBB9}.Release|Any CPU.ActiveCfg = Release|Any CPU
		{7FD3C299-482E-472B-B595-4806CF65DBB9}.Release|Any CPU.Build.0 = Release|Any CPU
		{7FD3C299-482E-472B-B595-4806CF65DBB9}.Release|x64.ActiveCfg = Release|Any CPU
		{7FD3C299-482E-472B-B595-4806CF65DBB9}.Release|x64.Build.0 = Release|Any CPU
		{7FD3C299-482E-472B-B595-4806CF65DBB9}.Release|x86.ActiveCfg = Release|Any CPU
		{7FD3C299-482E-472B-B595-4806CF65DBB9}.Release|x86.Build.0 = Release|Any CPU
		{AF68249C-F0CA-4ED4-93CB-F4B93FDA33EE}.Debug|Any CPU.ActiveCfg = Debug|Any CPU
		{AF68249C-F0CA-4ED4-93CB-F4B93FDA33EE}.Debug|Any CPU.Build.0 = Debug|Any CPU
		{AF68249C-F0CA-4ED4-93CB-F4B93FDA33EE}.Debug|x64.ActiveCfg = Debug|Any CPU
		{AF68249C-F0CA-4ED4-93CB-F4B93FDA33EE}.Debug|x64.Build.0 = Debug|Any CPU
		{AF68249C-F0CA-4ED4-93CB-F4B93FDA33EE}.Debug|x86.ActiveCfg = Debug|Any CPU
		{AF68249C-F0CA-4ED4-93CB-F4B93FDA33EE}.Debug|x86.Build.0 = Debug|Any CPU
		{AF68249C-F0CA-4ED4-93CB-F4B93FDA33EE}.Release|Any CPU.ActiveCfg = Release|Any CPU
		{AF68249C-F0CA-4ED4-93CB-F4B93FDA33EE}.Release|Any CPU.Build.0 = Release|Any CPU
		{AF68249C-F0CA-4ED4-93CB-F4B93FDA33EE}.Release|x64.ActiveCfg = Release|Any CPU
		{AF68249C-F0CA-4ED4-93CB-F4B93FDA33EE}.Release|x64.Build.0 = Release|Any CPU
		{AF68249C-F0CA-4ED4-93CB-F4B93FDA33EE}.Release|x86.ActiveCfg = Release|Any CPU
		{AF68249C-F0CA-4ED4-93CB-F4B93FDA33EE}.Release|x86.Build.0 = Release|Any CPU
		{9FF6078B-92D5-41FD-8E20-A17E49C6BA6A}.Debug|Any CPU.ActiveCfg = Debug|Any CPU
		{9FF6078B-92D5-41FD-8E20-A17E49C6BA6A}.Debug|Any CPU.Build.0 = Debug|Any CPU
		{9FF6078B-92D5-41FD-8E20-A17E49C6BA6A}.Debug|x64.ActiveCfg = Debug|Any CPU
		{9FF6078B-92D5-41FD-8E20-A17E49C6BA6A}.Debug|x64.Build.0 = Debug|Any CPU
		{9FF6078B-92D5-41FD-8E20-A17E49C6BA6A}.Debug|x86.ActiveCfg = Debug|Any CPU
		{9FF6078B-92D5-41FD-8E20-A17E49C6BA6A}.Debug|x86.Build.0 = Debug|Any CPU
		{9FF6078B-92D5-41FD-8E20-A17E49C6BA6A}.Release|Any CPU.ActiveCfg = Release|Any CPU
		{9FF6078B-92D5-41FD-8E20-A17E49C6BA6A}.Release|Any CPU.Build.0 = Release|Any CPU
		{9FF6078B-92D5-41FD-8E20-A17E49C6BA6A}.Release|x64.ActiveCfg = Release|Any CPU
		{9FF6078B-92D5-41FD-8E20-A17E49C6BA6A}.Release|x64.Build.0 = Release|Any CPU
		{9FF6078B-92D5-41FD-8E20-A17E49C6BA6A}.Release|x86.ActiveCfg = Release|Any CPU
		{9FF6078B-92D5-41FD-8E20-A17E49C6BA6A}.Release|x86.Build.0 = Release|Any CPU
		{F0B24F66-A46B-44A5-85A8-1B21359A3457}.Debug|Any CPU.ActiveCfg = Debug|Any CPU
		{F0B24F66-A46B-44A5-85A8-1B21359A3457}.Debug|Any CPU.Build.0 = Debug|Any CPU
		{F0B24F66-A46B-44A5-85A8-1B21359A3457}.Debug|x64.ActiveCfg = Debug|Any CPU
		{F0B24F66-A46B-44A5-85A8-1B21359A3457}.Debug|x64.Build.0 = Debug|Any CPU
		{F0B24F66-A46B-44A5-85A8-1B21359A3457}.Debug|x86.ActiveCfg = Debug|Any CPU
		{F0B24F66-A46B-44A5-85A8-1B21359A3457}.Debug|x86.Build.0 = Debug|Any CPU
		{F0B24F66-A46B-44A5-85A8-1B21359A3457}.Release|Any CPU.ActiveCfg = Release|Any CPU
		{F0B24F66-A46B-44A5-85A8-1B21359A3457}.Release|Any CPU.Build.0 = Release|Any CPU
		{F0B24F66-A46B-44A5-85A8-1B21359A3457}.Release|x64.ActiveCfg = Release|Any CPU
		{F0B24F66-A46B-44A5-85A8-1B21359A3457}.Release|x64.Build.0 = Release|Any CPU
		{F0B24F66-A46B-44A5-85A8-1B21359A3457}.Release|x86.ActiveCfg = Release|Any CPU
		{F0B24F66-A46B-44A5-85A8-1B21359A3457}.Release|x86.Build.0 = Release|Any CPU
		{FA08D025-7DFA-4DDB-BECD-A41188CDBDB4}.Debug|Any CPU.ActiveCfg = Debug|Any CPU
		{FA08D025-7DFA-4DDB-BECD-A41188CDBDB4}.Debug|Any CPU.Build.0 = Debug|Any CPU
		{FA08D025-7DFA-4DDB-BECD-A41188CDBDB4}.Debug|x64.ActiveCfg = Debug|Any CPU
		{FA08D025-7DFA-4DDB-BECD-A41188CDBDB4}.Debug|x64.Build.0 = Debug|Any CPU
		{FA08D025-7DFA-4DDB-BECD-A41188CDBDB4}.Debug|x86.ActiveCfg = Debug|Any CPU
		{FA08D025-7DFA-4DDB-BECD-A41188CDBDB4}.Debug|x86.Build.0 = Debug|Any CPU
		{FA08D025-7DFA-4DDB-BECD-A41188CDBDB4}.Release|Any CPU.ActiveCfg = Release|Any CPU
		{FA08D025-7DFA-4DDB-BECD-A41188CDBDB4}.Release|Any CPU.Build.0 = Release|Any CPU
		{FA08D025-7DFA-4DDB-BECD-A41188CDBDB4}.Release|x64.ActiveCfg = Release|Any CPU
		{FA08D025-7DFA-4DDB-BECD-A41188CDBDB4}.Release|x64.Build.0 = Release|Any CPU
		{FA08D025-7DFA-4DDB-BECD-A41188CDBDB4}.Release|x86.ActiveCfg = Release|Any CPU
		{FA08D025-7DFA-4DDB-BECD-A41188CDBDB4}.Release|x86.Build.0 = Release|Any CPU
		{571CA7B2-6252-462F-B8D2-438C516233A1}.Debug|Any CPU.ActiveCfg = Debug|Any CPU
		{571CA7B2-6252-462F-B8D2-438C516233A1}.Debug|Any CPU.Build.0 = Debug|Any CPU
		{571CA7B2-6252-462F-B8D2-438C516233A1}.Debug|x64.ActiveCfg = Debug|Any CPU
		{571CA7B2-6252-462F-B8D2-438C516233A1}.Debug|x64.Build.0 = Debug|Any CPU
		{571CA7B2-6252-462F-B8D2-438C516233A1}.Debug|x86.ActiveCfg = Debug|Any CPU
		{571CA7B2-6252-462F-B8D2-438C516233A1}.Debug|x86.Build.0 = Debug|Any CPU
		{571CA7B2-6252-462F-B8D2-438C516233A1}.Release|Any CPU.ActiveCfg = Release|Any CPU
		{571CA7B2-6252-462F-B8D2-438C516233A1}.Release|Any CPU.Build.0 = Release|Any CPU
		{571CA7B2-6252-462F-B8D2-438C516233A1}.Release|x64.ActiveCfg = Release|Any CPU
		{571CA7B2-6252-462F-B8D2-438C516233A1}.Release|x64.Build.0 = Release|Any CPU
		{571CA7B2-6252-462F-B8D2-438C516233A1}.Release|x86.ActiveCfg = Release|Any CPU
		{571CA7B2-6252-462F-B8D2-438C516233A1}.Release|x86.Build.0 = Release|Any CPU
		{D1551DC0-B1D6-4EF5-8F0E-C0678E8E908D}.Debug|Any CPU.ActiveCfg = Debug|Any CPU
		{D1551DC0-B1D6-4EF5-8F0E-C0678E8E908D}.Debug|Any CPU.Build.0 = Debug|Any CPU
		{D1551DC0-B1D6-4EF5-8F0E-C0678E8E908D}.Debug|x64.ActiveCfg = Debug|Any CPU
		{D1551DC0-B1D6-4EF5-8F0E-C0678E8E908D}.Debug|x64.Build.0 = Debug|Any CPU
		{D1551DC0-B1D6-4EF5-8F0E-C0678E8E908D}.Debug|x86.ActiveCfg = Debug|Any CPU
		{D1551DC0-B1D6-4EF5-8F0E-C0678E8E908D}.Debug|x86.Build.0 = Debug|Any CPU
		{D1551DC0-B1D6-4EF5-8F0E-C0678E8E908D}.Release|Any CPU.ActiveCfg = Release|Any CPU
		{D1551DC0-B1D6-4EF5-8F0E-C0678E8E908D}.Release|Any CPU.Build.0 = Release|Any CPU
		{D1551DC0-B1D6-4EF5-8F0E-C0678E8E908D}.Release|x64.ActiveCfg = Release|Any CPU
		{D1551DC0-B1D6-4EF5-8F0E-C0678E8E908D}.Release|x64.Build.0 = Release|Any CPU
		{D1551DC0-B1D6-4EF5-8F0E-C0678E8E908D}.Release|x86.ActiveCfg = Release|Any CPU
		{D1551DC0-B1D6-4EF5-8F0E-C0678E8E908D}.Release|x86.Build.0 = Release|Any CPU
		{E0C4D592-2B1A-4503-8616-0E39CD8F88EE}.Debug|Any CPU.ActiveCfg = Debug|Any CPU
		{E0C4D592-2B1A-4503-8616-0E39CD8F88EE}.Debug|Any CPU.Build.0 = Debug|Any CPU
		{E0C4D592-2B1A-4503-8616-0E39CD8F88EE}.Debug|x64.ActiveCfg = Debug|Any CPU
		{E0C4D592-2B1A-4503-8616-0E39CD8F88EE}.Debug|x64.Build.0 = Debug|Any CPU
		{E0C4D592-2B1A-4503-8616-0E39CD8F88EE}.Debug|x86.ActiveCfg = Debug|Any CPU
		{E0C4D592-2B1A-4503-8616-0E39CD8F88EE}.Debug|x86.Build.0 = Debug|Any CPU
		{E0C4D592-2B1A-4503-8616-0E39CD8F88EE}.Release|Any CPU.ActiveCfg = Release|Any CPU
		{E0C4D592-2B1A-4503-8616-0E39CD8F88EE}.Release|Any CPU.Build.0 = Release|Any CPU
		{E0C4D592-2B1A-4503-8616-0E39CD8F88EE}.Release|x64.ActiveCfg = Release|Any CPU
		{E0C4D592-2B1A-4503-8616-0E39CD8F88EE}.Release|x64.Build.0 = Release|Any CPU
		{E0C4D592-2B1A-4503-8616-0E39CD8F88EE}.Release|x86.ActiveCfg = Release|Any CPU
		{E0C4D592-2B1A-4503-8616-0E39CD8F88EE}.Release|x86.Build.0 = Release|Any CPU
		{58348038-F99D-4754-8E3D-B9BEDBB56084}.Debug|Any CPU.ActiveCfg = Debug|Any CPU
		{58348038-F99D-4754-8E3D-B9BEDBB56084}.Debug|Any CPU.Build.0 = Debug|Any CPU
		{58348038-F99D-4754-8E3D-B9BEDBB56084}.Debug|x64.ActiveCfg = Debug|Any CPU
		{58348038-F99D-4754-8E3D-B9BEDBB56084}.Debug|x64.Build.0 = Debug|Any CPU
		{58348038-F99D-4754-8E3D-B9BEDBB56084}.Debug|x86.ActiveCfg = Debug|Any CPU
		{58348038-F99D-4754-8E3D-B9BEDBB56084}.Debug|x86.Build.0 = Debug|Any CPU
		{58348038-F99D-4754-8E3D-B9BEDBB56084}.Release|Any CPU.ActiveCfg = Release|Any CPU
		{58348038-F99D-4754-8E3D-B9BEDBB56084}.Release|Any CPU.Build.0 = Release|Any CPU
		{58348038-F99D-4754-8E3D-B9BEDBB56084}.Release|x64.ActiveCfg = Release|Any CPU
		{58348038-F99D-4754-8E3D-B9BEDBB56084}.Release|x64.Build.0 = Release|Any CPU
		{58348038-F99D-4754-8E3D-B9BEDBB56084}.Release|x86.ActiveCfg = Release|Any CPU
		{58348038-F99D-4754-8E3D-B9BEDBB56084}.Release|x86.Build.0 = Release|Any CPU
	EndGlobalSection
	GlobalSection(SolutionProperties) = preSolution
		HideSolutionNode = FALSE
	EndGlobalSection
	GlobalSection(NestedProjects) = preSolution
		{A1B2C3D4-E5F6-7890-ABCD-EF1234567890} = {827E0CD3-B72D-47B6-A68D-7590B98EB39B}
		{B2C3D4E5-F6A7-8901-BCDE-F23456789012} = {827E0CD3-B72D-47B6-A68D-7590B98EB39B}
		{C3D4E5F6-A7B8-9012-CDEF-345678901234} = {B2C3D4E5-F6A7-8901-BCDE-F23456789012}
		{D4E5F6A7-B8C9-0123-DEF0-456789012345} = {A1B2C3D4-E5F6-7890-ABCD-EF1234567890}
		{E5F6A7B8-C9D0-1234-EF01-567890123456} = {A1B2C3D4-E5F6-7890-ABCD-EF1234567890}
		{F6A7B8C9-D0E1-2345-F012-678901234567} = {A1B2C3D4-E5F6-7890-ABCD-EF1234567890}
		{A7B8C9D0-E1F2-3456-0123-789012345678} = {C3D4E5F6-A7B8-9012-CDEF-345678901234}
		{B8C9D0E1-F2A3-4567-1234-890123456789} = {C3D4E5F6-A7B8-9012-CDEF-345678901234}
		{C9D0E1F2-A3B4-5678-2345-901234567890} = {C3D4E5F6-A7B8-9012-CDEF-345678901234}
		{D0E1F2A3-B4C5-6789-3456-012345678901} = {827E0CD3-B72D-47B6-A68D-7590B98EB39B}
		{53FC389B-5E5F-3F76-4C6F-BA81330BB56B} = {B2C3D4E5-F6A7-8901-BCDE-F23456789012}
		{68309FD3-2463-4D7B-BC1D-2D59F549F461} = {53FC389B-5E5F-3F76-4C6F-BA81330BB56B}
		{12906061-81C4-46B6-81DF-C507BAC94AC4} = {53FC389B-5E5F-3F76-4C6F-BA81330BB56B}
		{43F43FB3-07DA-4C89-9789-AC71708161A1} = {53FC389B-5E5F-3F76-4C6F-BA81330BB56B}
		{F3ED4598-520A-BF9F-B82E-5C1369283033} = {B2C3D4E5-F6A7-8901-BCDE-F23456789012}
		{7FD3C299-482E-472B-B595-4806CF65DBB9} = {F3ED4598-520A-BF9F-B82E-5C1369283033}
		{AF68249C-F0CA-4ED4-93CB-F4B93FDA33EE} = {F3ED4598-520A-BF9F-B82E-5C1369283033}
		{9FF6078B-92D5-41FD-8E20-A17E49C6BA6A} = {F3ED4598-520A-BF9F-B82E-5C1369283033}
		{F0B24F66-A46B-44A5-85A8-1B21359A3457} = {0AB3BF05-4346-4AA6-1389-037BE0695223}
		{FA08D025-7DFA-4DDB-BECD-A41188CDBDB4} = {0AB3BF05-4346-4AA6-1389-037BE0695223}
		{571CA7B2-6252-462F-B8D2-438C516233A1} = {0AB3BF05-4346-4AA6-1389-037BE0695223}
		{C5056EA4-3095-7954-AC9F-6C51F0D54EE3} = {B2C3D4E5-F6A7-8901-BCDE-F23456789012}
		{D1551DC0-B1D6-4EF5-8F0E-C0678E8E908D} = {C5056EA4-3095-7954-AC9F-6C51F0D54EE3}
		{E0C4D592-2B1A-4503-8616-0E39CD8F88EE} = {C5056EA4-3095-7954-AC9F-6C51F0D54EE3}
		{58348038-F99D-4754-8E3D-B9BEDBB56084} = {C5056EA4-3095-7954-AC9F-6C51F0D54EE3}
	EndGlobalSection
EndGlobal
